// !$*UTF8*$!
{
	archiveVersion = 1;
	classes = {
	};
	objectVersion = 50;
	objects = {

/* Begin PBXBuildFile section */
		8F6BDCD0208673ED00F6D787 /* AppDelegate.swift in Sources */ = {isa = PBXBuildFile; fileRef = 8F6BDCCF208673ED00F6D787 /* AppDelegate.swift */; };
		8F6BDCD2208673ED00F6D787 /* MasterViewController.swift in Sources */ = {isa = PBXBuildFile; fileRef = 8F6BDCD1208673ED00F6D787 /* MasterViewController.swift */; };
		8F6BDCD4208673ED00F6D787 /* DetailViewController.swift in Sources */ = {isa = PBXBuildFile; fileRef = 8F6BDCD3208673ED00F6D787 /* DetailViewController.swift */; };
		8F6BDCD7208673ED00F6D787 /* Main.storyboard in Resources */ = {isa = PBXBuildFile; fileRef = 8F6BDCD5208673ED00F6D787 /* Main.storyboard */; };
		8F6BDCD9208673EE00F6D787 /* Assets.xcassets in Resources */ = {isa = PBXBuildFile; fileRef = 8F6BDCD8208673EE00F6D787 /* Assets.xcassets */; };
		8F6BDCDC208673EE00F6D787 /* LaunchScreen.storyboard in Resources */ = {isa = PBXBuildFile; fileRef = 8F6BDCDA208673EE00F6D787 /* LaunchScreen.storyboard */; };
		8F6BDCE7208673EE00F6D787 /* SatisfyTests.swift in Sources */ = {isa = PBXBuildFile; fileRef = 8F6BDCE6208673EE00F6D787 /* SatisfyTests.swift */; };
		8F6BDCF2208673EE00F6D787 /* SatisfyUITests.swift in Sources */ = {isa = PBXBuildFile; fileRef = 8F6BDCF1208673EE00F6D787 /* SatisfyUITests.swift */; };
/* End PBXBuildFile section */

/* Begin PBXContainerItemProxy section */
		8F6BDCE3208673EE00F6D787 /* PBXContainerItemProxy */ = {
			isa = PBXContainerItemProxy;
			containerPortal = 8F6BDCC4208673EC00F6D787 /* Project object */;
			proxyType = 1;
			remoteGlobalIDString = 8F6BDCCB208673EC00F6D787;
			remoteInfo = Satisfy;
		};
		8F6BDCEE208673EE00F6D787 /* PBXContainerItemProxy */ = {
			isa = PBXContainerItemProxy;
			containerPortal = 8F6BDCC4208673EC00F6D787 /* Project object */;
			proxyType = 1;
			remoteGlobalIDString = 8F6BDCCB208673EC00F6D787;
			remoteInfo = Satisfy;
		};
/* End PBXContainerItemProxy section */

/* Begin PBXFileReference section */
		8F6BDCCC208673ED00F6D787 /* Satisfy.app */ = {isa = PBXFileReference; explicitFileType = wrapper.application; includeInIndex = 0; path = Satisfy.app; sourceTree = BUILT_PRODUCTS_DIR; };
		8F6BDCCF208673ED00F6D787 /* AppDelegate.swift */ = {isa = PBXFileReference; lastKnownFileType = sourcecode.swift; path = AppDelegate.swift; sourceTree = "<group>"; };
		8F6BDCD1208673ED00F6D787 /* MasterViewController.swift */ = {isa = PBXFileReference; lastKnownFileType = sourcecode.swift; path = MasterViewController.swift; sourceTree = "<group>"; };
		8F6BDCD3208673ED00F6D787 /* DetailViewController.swift */ = {isa = PBXFileReference; lastKnownFileType = sourcecode.swift; path = DetailViewController.swift; sourceTree = "<group>"; };
		8F6BDCD6208673ED00F6D787 /* Base */ = {isa = PBXFileReference; lastKnownFileType = file.storyboard; name = Base; path = Base.lproj/Main.storyboard; sourceTree = "<group>"; };
		8F6BDCD8208673EE00F6D787 /* Assets.xcassets */ = {isa = PBXFileReference; lastKnownFileType = folder.assetcatalog; path = Assets.xcassets; sourceTree = "<group>"; };
		8F6BDCDB208673EE00F6D787 /* Base */ = {isa = PBXFileReference; lastKnownFileType = file.storyboard; name = Base; path = Base.lproj/LaunchScreen.storyboard; sourceTree = "<group>"; };
		8F6BDCDD208673EE00F6D787 /* Info.plist */ = {isa = PBXFileReference; lastKnownFileType = text.plist.xml; path = Info.plist; sourceTree = "<group>"; };
		8F6BDCE2208673EE00F6D787 /* SatisfyTests.xctest */ = {isa = PBXFileReference; explicitFileType = wrapper.cfbundle; includeInIndex = 0; path = SatisfyTests.xctest; sourceTree = BUILT_PRODUCTS_DIR; };
		8F6BDCE6208673EE00F6D787 /* SatisfyTests.swift */ = {isa = PBXFileReference; lastKnownFileType = sourcecode.swift; path = SatisfyTests.swift; sourceTree = "<group>"; };
		8F6BDCE8208673EE00F6D787 /* Info.plist */ = {isa = PBXFileReference; lastKnownFileType = text.plist.xml; path = Info.plist; sourceTree = "<group>"; };
		8F6BDCED208673EE00F6D787 /* SatisfyUITests.xctest */ = {isa = PBXFileReference; explicitFileType = wrapper.cfbundle; includeInIndex = 0; path = SatisfyUITests.xctest; sourceTree = BUILT_PRODUCTS_DIR; };
		8F6BDCF1208673EE00F6D787 /* SatisfyUITests.swift */ = {isa = PBXFileReference; lastKnownFileType = sourcecode.swift; path = SatisfyUITests.swift; sourceTree = "<group>"; };
		8F6BDCF3208673EF00F6D787 /* Info.plist */ = {isa = PBXFileReference; lastKnownFileType = text.plist.xml; path = Info.plist; sourceTree = "<group>"; };
/* End PBXFileReference section */

/* Begin PBXFrameworksBuildPhase section */
		8F6BDCC9208673EC00F6D787 /* Frameworks */ = {
			isa = PBXFrameworksBuildPhase;
			buildActionMask = 2147483647;
			files = (
			);
			runOnlyForDeploymentPostprocessing = 0;
		};
		8F6BDCDF208673EE00F6D787 /* Frameworks */ = {
			isa = PBXFrameworksBuildPhase;
			buildActionMask = 2147483647;
			files = (
			);
			runOnlyForDeploymentPostprocessing = 0;
		};
		8F6BDCEA208673EE00F6D787 /* Frameworks */ = {
			isa = PBXFrameworksBuildPhase;
			buildActionMask = 2147483647;
			files = (
			);
			runOnlyForDeploymentPostprocessing = 0;
		};
/* End PBXFrameworksBuildPhase section */

/* Begin PBXGroup section */
		8F6BDCC3208673EC00F6D787 = {
			isa = PBXGroup;
			children = (
				8F6BDCCE208673ED00F6D787 /* Satisfy */,
				8F6BDCE5208673EE00F6D787 /* SatisfyTests */,
				8F6BDCF0208673EE00F6D787 /* SatisfyUITests */,
				8F6BDCCD208673ED00F6D787 /* Products */,
			);
			sourceTree = "<group>";
		};
		8F6BDCCD208673ED00F6D787 /* Products */ = {
			isa = PBXGroup;
			children = (
				8F6BDCCC208673ED00F6D787 /* Satisfy.app */,
				8F6BDCE2208673EE00F6D787 /* SatisfyTests.xctest */,
				8F6BDCED208673EE00F6D787 /* SatisfyUITests.xctest */,
			);
			name = Products;
			sourceTree = "<group>";
		};
		8F6BDCCE208673ED00F6D787 /* Satisfy */ = {
			isa = PBXGroup;
			children = (
				8F6BDCCF208673ED00F6D787 /* AppDelegate.swift */,
				8F6BDCD1208673ED00F6D787 /* MasterViewController.swift */,
				8F6BDCD3208673ED00F6D787 /* DetailViewController.swift */,
				8F6BDCD5208673ED00F6D787 /* Main.storyboard */,
				8F6BDCD8208673EE00F6D787 /* Assets.xcassets */,
				8F6BDCDA208673EE00F6D787 /* LaunchScreen.storyboard */,
				8F6BDCDD208673EE00F6D787 /* Info.plist */,
			);
			path = Satisfy;
			sourceTree = "<group>";
		};
		8F6BDCE5208673EE00F6D787 /* SatisfyTests */ = {
			isa = PBXGroup;
			children = (
				8F6BDCE6208673EE00F6D787 /* SatisfyTests.swift */,
				8F6BDCE8208673EE00F6D787 /* Info.plist */,
			);
			path = SatisfyTests;
			sourceTree = "<group>";
		};
		8F6BDCF0208673EE00F6D787 /* SatisfyUITests */ = {
			isa = PBXGroup;
			children = (
				8F6BDCF1208673EE00F6D787 /* SatisfyUITests.swift */,
				8F6BDCF3208673EF00F6D787 /* Info.plist */,
			);
			path = SatisfyUITests;
			sourceTree = "<group>";
		};
/* End PBXGroup section */

/* Begin PBXNativeTarget section */
		8F6BDCCB208673EC00F6D787 /* Satisfy */ = {
			isa = PBXNativeTarget;
			buildConfigurationList = 8F6BDCF6208673EF00F6D787 /* Build configuration list for PBXNativeTarget "Satisfy" */;
			buildPhases = (
				8F6BDCC8208673EC00F6D787 /* Sources */,
				8F6BDCC9208673EC00F6D787 /* Frameworks */,
				8F6BDCCA208673EC00F6D787 /* Resources */,
			);
			buildRules = (
			);
			dependencies = (
			);
			name = Satisfy;
			productName = Satisfy;
			productReference = 8F6BDCCC208673ED00F6D787 /* Satisfy.app */;
			productType = "com.apple.product-type.application";
		};
		8F6BDCE1208673EE00F6D787 /* SatisfyTests */ = {
			isa = PBXNativeTarget;
			buildConfigurationList = 8F6BDCF9208673EF00F6D787 /* Build configuration list for PBXNativeTarget "SatisfyTests" */;
			buildPhases = (
				8F6BDCDE208673EE00F6D787 /* Sources */,
				8F6BDCDF208673EE00F6D787 /* Frameworks */,
				8F6BDCE0208673EE00F6D787 /* Resources */,
			);
			buildRules = (
			);
			dependencies = (
				8F6BDCE4208673EE00F6D787 /* PBXTargetDependency */,
			);
			name = SatisfyTests;
			productName = SatisfyTests;
			productReference = 8F6BDCE2208673EE00F6D787 /* SatisfyTests.xctest */;
			productType = "com.apple.product-type.bundle.unit-test";
		};
		8F6BDCEC208673EE00F6D787 /* SatisfyUITests */ = {
			isa = PBXNativeTarget;
			buildConfigurationList = 8F6BDCFC208673EF00F6D787 /* Build configuration list for PBXNativeTarget "SatisfyUITests" */;
			buildPhases = (
				8F6BDCE9208673EE00F6D787 /* Sources */,
				8F6BDCEA208673EE00F6D787 /* Frameworks */,
				8F6BDCEB208673EE00F6D787 /* Resources */,
			);
			buildRules = (
			);
			dependencies = (
				8F6BDCEF208673EE00F6D787 /* PBXTargetDependency */,
			);
			name = SatisfyUITests;
			productName = SatisfyUITests;
			productReference = 8F6BDCED208673EE00F6D787 /* SatisfyUITests.xctest */;
			productType = "com.apple.product-type.bundle.ui-testing";
		};
/* End PBXNativeTarget section */

/* Begin PBXProject section */
		8F6BDCC4208673EC00F6D787 /* Project object */ = {
			isa = PBXProject;
			attributes = {
				LastSwiftUpdateCheck = 0930;
				LastUpgradeCheck = 0930;
				ORGANIZATIONNAME = boudonpierre;
				TargetAttributes = {
					8F6BDCCB208673EC00F6D787 = {
						CreatedOnToolsVersion = 9.3;
					};
					8F6BDCE1208673EE00F6D787 = {
						CreatedOnToolsVersion = 9.3;
						TestTargetID = 8F6BDCCB208673EC00F6D787;
					};
					8F6BDCEC208673EE00F6D787 = {
						CreatedOnToolsVersion = 9.3;
						TestTargetID = 8F6BDCCB208673EC00F6D787;
					};
				};
			};
			buildConfigurationList = 8F6BDCC7208673EC00F6D787 /* Build configuration list for PBXProject "Satisfy" */;
			compatibilityVersion = "Xcode 9.3";
			developmentRegion = en;
			hasScannedForEncodings = 0;
			knownRegions = (
				en,
				Base,
			);
			mainGroup = 8F6BDCC3208673EC00F6D787;
			productRefGroup = 8F6BDCCD208673ED00F6D787 /* Products */;
			projectDirPath = "";
			projectRoot = "";
			targets = (
				8F6BDCCB208673EC00F6D787 /* Satisfy */,
				8F6BDCE1208673EE00F6D787 /* SatisfyTests */,
				8F6BDCEC208673EE00F6D787 /* SatisfyUITests */,
			);
		};
/* End PBXProject section */

/* Begin PBXResourcesBuildPhase section */
		8F6BDCCA208673EC00F6D787 /* Resources */ = {
			isa = PBXResourcesBuildPhase;
			buildActionMask = 2147483647;
			files = (
				8F6BDCDC208673EE00F6D787 /* LaunchScreen.storyboard in Resources */,
				8F6BDCD9208673EE00F6D787 /* Assets.xcassets in Resources */,
				8F6BDCD7208673ED00F6D787 /* Main.storyboard in Resources */,
			);
			runOnlyForDeploymentPostprocessing = 0;
		};
		8F6BDCE0208673EE00F6D787 /* Resources */ = {
			isa = PBXResourcesBuildPhase;
			buildActionMask = 2147483647;
			files = (
			);
			runOnlyForDeploymentPostprocessing = 0;
		};
		8F6BDCEB208673EE00F6D787 /* Resources */ = {
			isa = PBXResourcesBuildPhase;
			buildActionMask = 2147483647;
			files = (
			);
			runOnlyForDeploymentPostprocessing = 0;
		};
/* End PBXResourcesBuildPhase section */

/* Begin PBXSourcesBuildPhase section */
		8F6BDCC8208673EC00F6D787 /* Sources */ = {
			isa = PBXSourcesBuildPhase;
			buildActionMask = 2147483647;
			files = (
				8F6BDCD4208673ED00F6D787 /* DetailViewController.swift in Sources */,
				8F6BDCD2208673ED00F6D787 /* MasterViewController.swift in Sources */,
				8F6BDCD0208673ED00F6D787 /* AppDelegate.swift in Sources */,
			);
			runOnlyForDeploymentPostprocessing = 0;
		};
		8F6BDCDE208673EE00F6D787 /* Sources */ = {
			isa = PBXSourcesBuildPhase;
			buildActionMask = 2147483647;
			files = (
				8F6BDCE7208673EE00F6D787 /* SatisfyTests.swift in Sources */,
			);
			runOnlyForDeploymentPostprocessing = 0;
		};
		8F6BDCE9208673EE00F6D787 /* Sources */ = {
			isa = PBXSourcesBuildPhase;
			buildActionMask = 2147483647;
			files = (
				8F6BDCF2208673EE00F6D787 /* SatisfyUITests.swift in Sources */,
			);
			runOnlyForDeploymentPostprocessing = 0;
		};
/* End PBXSourcesBuildPhase section */

/* Begin PBXTargetDependency section */
		8F6BDCE4208673EE00F6D787 /* PBXTargetDependency */ = {
			isa = PBXTargetDependency;
			target = 8F6BDCCB208673EC00F6D787 /* Satisfy */;
			targetProxy = 8F6BDCE3208673EE00F6D787 /* PBXContainerItemProxy */;
		};
		8F6BDCEF208673EE00F6D787 /* PBXTargetDependency */ = {
			isa = PBXTargetDependency;
			target = 8F6BDCCB208673EC00F6D787 /* Satisfy */;
			targetProxy = 8F6BDCEE208673EE00F6D787 /* PBXContainerItemProxy */;
		};
/* End PBXTargetDependency section */

/* Begin PBXVariantGroup section */
		8F6BDCD5208673ED00F6D787 /* Main.storyboard */ = {
			isa = PBXVariantGroup;
			children = (
				8F6BDCD6208673ED00F6D787 /* Base */,
			);
			name = Main.storyboard;
			sourceTree = "<group>";
		};
		8F6BDCDA208673EE00F6D787 /* LaunchScreen.storyboard */ = {
			isa = PBXVariantGroup;
			children = (
				8F6BDCDB208673EE00F6D787 /* Base */,
			);
			name = LaunchScreen.storyboard;
			sourceTree = "<group>";
		};
/* End PBXVariantGroup section */

/* Begin XCBuildConfiguration section */
		8F6BDCF4208673EF00F6D787 /* Debug */ = {
			isa = XCBuildConfiguration;
			buildSettings = {
				ALWAYS_SEARCH_USER_PATHS = NO;
				CLANG_ANALYZER_NONNULL = YES;
				CLANG_ANALYZER_NUMBER_OBJECT_CONVERSION = YES_AGGRESSIVE;
				CLANG_CXX_LANGUAGE_STANDARD = "gnu++14";
				CLANG_CXX_LIBRARY = "libc++";
				CLANG_ENABLE_MODULES = YES;
				CLANG_ENABLE_OBJC_ARC = YES;
				CLANG_ENABLE_OBJC_WEAK = YES;
				CLANG_WARN_BLOCK_CAPTURE_AUTORELEASING = YES;
				CLANG_WARN_BOOL_CONVERSION = YES;
				CLANG_WARN_COMMA = YES;
				CLANG_WARN_CONSTANT_CONVERSION = YES;
				CLANG_WARN_DEPRECATED_OBJC_IMPLEMENTATIONS = YES;
				CLANG_WARN_DIRECT_OBJC_ISA_USAGE = YES_ERROR;
				CLANG_WARN_DOCUMENTATION_COMMENTS = YES;
				CLANG_WARN_EMPTY_BODY = YES;
				CLANG_WARN_ENUM_CONVERSION = YES;
				CLANG_WARN_INFINITE_RECURSION = YES;
				CLANG_WARN_INT_CONVERSION = YES;
				CLANG_WARN_NON_LITERAL_NULL_CONVERSION = YES;
				CLANG_WARN_OBJC_IMPLICIT_RETAIN_SELF = YES;
				CLANG_WARN_OBJC_LITERAL_CONVERSION = YES;
				CLANG_WARN_OBJC_ROOT_CLASS = YES_ERROR;
				CLANG_WARN_RANGE_LOOP_ANALYSIS = YES;
				CLANG_WARN_STRICT_PROTOTYPES = YES;
				CLANG_WARN_SUSPICIOUS_MOVE = YES;
				CLANG_WARN_UNGUARDED_AVAILABILITY = YES_AGGRESSIVE;
				CLANG_WARN_UNREACHABLE_CODE = YES;
				CLANG_WARN__DUPLICATE_METHOD_MATCH = YES;
				CODE_SIGN_IDENTITY = "iPhone Developer";
				COPY_PHASE_STRIP = NO;
				DEBUG_INFORMATION_FORMAT = dwarf;
				ENABLE_STRICT_OBJC_MSGSEND = YES;
				ENABLE_TESTABILITY = YES;
				GCC_C_LANGUAGE_STANDARD = gnu11;
				GCC_DYNAMIC_NO_PIC = NO;
				GCC_NO_COMMON_BLOCKS = YES;
				GCC_OPTIMIZATION_LEVEL = 0;
				GCC_PREPROCESSOR_DEFINITIONS = (
					"DEBUG=1",
					"$(inherited)",
				);
				GCC_WARN_64_TO_32_BIT_CONVERSION = YES;
				GCC_WARN_ABOUT_RETURN_TYPE = YES_ERROR;
				GCC_WARN_UNDECLARED_SELECTOR = YES;
				GCC_WARN_UNINITIALIZED_AUTOS = YES_AGGRESSIVE;
				GCC_WARN_UNUSED_FUNCTION = YES;
				GCC_WARN_UNUSED_VARIABLE = YES;
				IPHONEOS_DEPLOYMENT_TARGET = 11.3;
				MTL_ENABLE_DEBUG_INFO = YES;
				ONLY_ACTIVE_ARCH = YES;
				SDKROOT = iphoneos;
				SWIFT_ACTIVE_COMPILATION_CONDITIONS = DEBUG;
				SWIFT_OPTIMIZATION_LEVEL = "-Onone";
			};
			name = Debug;
		};
		8F6BDCF5208673EF00F6D787 /* Release */ = {
			isa = XCBuildConfiguration;
			buildSettings = {
				ALWAYS_SEARCH_USER_PATHS = NO;
				CLANG_ANALYZER_NONNULL = YES;
				CLANG_ANALYZER_NUMBER_OBJECT_CONVERSION = YES_AGGRESSIVE;
				CLANG_CXX_LANGUAGE_STANDARD = "gnu++14";
				CLANG_CXX_LIBRARY = "libc++";
				CLANG_ENABLE_MODULES = YES;
				CLANG_ENABLE_OBJC_ARC = YES;
				CLANG_ENABLE_OBJC_WEAK = YES;
				CLANG_WARN_BLOCK_CAPTURE_AUTORELEASING = YES;
				CLANG_WARN_BOOL_CONVERSION = YES;
				CLANG_WARN_COMMA = YES;
				CLANG_WARN_CONSTANT_CONVERSION = YES;
				CLANG_WARN_DEPRECATED_OBJC_IMPLEMENTATIONS = YES;
				CLANG_WARN_DIRECT_OBJC_ISA_USAGE = YES_ERROR;
				CLANG_WARN_DOCUMENTATION_COMMENTS = YES;
				CLANG_WARN_EMPTY_BODY = YES;
				CLANG_WARN_ENUM_CONVERSION = YES;
				CLANG_WARN_INFINITE_RECURSION = YES;
				CLANG_WARN_INT_CONVERSION = YES;
				CLANG_WARN_NON_LITERAL_NULL_CONVERSION = YES;
				CLANG_WARN_OBJC_IMPLICIT_RETAIN_SELF = YES;
				CLANG_WARN_OBJC_LITERAL_CONVERSION = YES;
				CLANG_WARN_OBJC_ROOT_CLASS = YES_ERROR;
				CLANG_WARN_RANGE_LOOP_ANALYSIS = YES;
				CLANG_WARN_STRICT_PROTOTYPES = YES;
				CLANG_WARN_SUSPICIOUS_MOVE = YES;
				CLANG_WARN_UNGUARDED_AVAILABILITY = YES_AGGRESSIVE;
				CLANG_WARN_UNREACHABLE_CODE = YES;
				CLANG_WARN__DUPLICATE_METHOD_MATCH = YES;
				CODE_SIGN_IDENTITY = "iPhone Developer";
				COPY_PHASE_STRIP = NO;
				DEBUG_INFORMATION_FORMAT = "dwarf-with-dsym";
				ENABLE_NS_ASSERTIONS = NO;
				ENABLE_STRICT_OBJC_MSGSEND = YES;
				GCC_C_LANGUAGE_STANDARD = gnu11;
				GCC_NO_COMMON_BLOCKS = YES;
				GCC_WARN_64_TO_32_BIT_CONVERSION = YES;
				GCC_WARN_ABOUT_RETURN_TYPE = YES_ERROR;
				GCC_WARN_UNDECLARED_SELECTOR = YES;
				GCC_WARN_UNINITIALIZED_AUTOS = YES_AGGRESSIVE;
				GCC_WARN_UNUSED_FUNCTION = YES;
				GCC_WARN_UNUSED_VARIABLE = YES;
				IPHONEOS_DEPLOYMENT_TARGET = 11.3;
				MTL_ENABLE_DEBUG_INFO = NO;
				SDKROOT = iphoneos;
				SWIFT_COMPILATION_MODE = wholemodule;
				SWIFT_OPTIMIZATION_LEVEL = "-O";
				VALIDATE_PRODUCT = YES;
			};
			name = Release;
		};
		8F6BDCF7208673EF00F6D787 /* Debug */ = {
			isa = XCBuildConfiguration;
			buildSettings = {
				ASSETCATALOG_COMPILER_APPICON_NAME = AppIcon;
				CODE_SIGN_STYLE = Automatic;
				DEVELOPMENT_TEAM = 63ZVUM2RC3;
				INFOPLIST_FILE = Satisfy/Info.plist;
				LD_RUNPATH_SEARCH_PATHS = (
					"$(inherited)",
					"@executable_path/Frameworks",
				);
				PRODUCT_BUNDLE_IDENTIFIER = fr.boudonpierre.Satisfy;
				PRODUCT_NAME = "$(TARGET_NAME)";
				SWIFT_VERSION = 4.0;
				TARGETED_DEVICE_FAMILY = "1,2";
			};
			name = Debug;
		};
		8F6BDCF8208673EF00F6D787 /* Release */ = {
			isa = XCBuildConfiguration;
			buildSettings = {
				ASSETCATALOG_COMPILER_APPICON_NAME = AppIcon;
				CODE_SIGN_STYLE = Automatic;
				DEVELOPMENT_TEAM = 63ZVUM2RC3;
				INFOPLIST_FILE = Satisfy/Info.plist;
				LD_RUNPATH_SEARCH_PATHS = (
					"$(inherited)",
					"@executable_path/Frameworks",
				);
				PRODUCT_BUNDLE_IDENTIFIER = fr.boudonpierre.Satisfy;
				PRODUCT_NAME = "$(TARGET_NAME)";
				SWIFT_VERSION = 4.0;
				TARGETED_DEVICE_FAMILY = "1,2";
			};
			name = Release;
		};
		8F6BDCFA208673EF00F6D787 /* Debug */ = {
			isa = XCBuildConfiguration;
			buildSettings = {
				ALWAYS_EMBED_SWIFT_STANDARD_LIBRARIES = YES;
				BUNDLE_LOADER = "$(TEST_HOST)";
				CODE_SIGN_STYLE = Automatic;
				DEVELOPMENT_TEAM = 63ZVUM2RC3;
				INFOPLIST_FILE = SatisfyTests/Info.plist;
				LD_RUNPATH_SEARCH_PATHS = (
					"$(inherited)",
					"@executable_path/Frameworks",
					"@loader_path/Frameworks",
				);
				PRODUCT_BUNDLE_IDENTIFIER = fr.boudonpierre.SatisfyTests;
				PRODUCT_NAME = "$(TARGET_NAME)";
				SWIFT_VERSION = 4.0;
				TARGETED_DEVICE_FAMILY = "1,2";
				TEST_HOST = "$(BUILT_PRODUCTS_DIR)/Satisfy.app/Satisfy";
			};
			name = Debug;
		};
		8F6BDCFB208673EF00F6D787 /* Release */ = {
			isa = XCBuildConfiguration;
			buildSettings = {
				ALWAYS_EMBED_SWIFT_STANDARD_LIBRARIES = YES;
				BUNDLE_LOADER = "$(TEST_HOST)";
				CODE_SIGN_STYLE = Automatic;
				DEVELOPMENT_TEAM = 63ZVUM2RC3;
				INFOPLIST_FILE = SatisfyTests/Info.plist;
				LD_RUNPATH_SEARCH_PATHS = (
					"$(inherited)",
					"@executable_path/Frameworks",
					"@loader_path/Frameworks",
				);
				PRODUCT_BUNDLE_IDENTIFIER = fr.boudonpierre.SatisfyTests;
				PRODUCT_NAME = "$(TARGET_NAME)";
				SWIFT_VERSION = 4.0;
				TARGETED_DEVICE_FAMILY = "1,2";
				TEST_HOST = "$(BUILT_PRODUCTS_DIR)/Satisfy.app/Satisfy";
			};
			name = Release;
		};
		8F6BDCFD208673EF00F6D787 /* Debug */ = {
			isa = XCBuildConfiguration;
			buildSettings = {
				ALWAYS_EMBED_SWIFT_STANDARD_LIBRARIES = YES;
				CODE_SIGN_STYLE = Automatic;
				DEVELOPMENT_TEAM = 63ZVUM2RC3;
				INFOPLIST_FILE = SatisfyUITests/Info.plist;
				LD_RUNPATH_SEARCH_PATHS = (
					"$(inherited)",
					"@executable_path/Frameworks",
					"@loader_path/Frameworks",
				);
				PRODUCT_BUNDLE_IDENTIFIER = fr.boudonpierre.SatisfyUITests;
				PRODUCT_NAME = "$(TARGET_NAME)";
				SWIFT_VERSION = 4.0;
				TARGETED_DEVICE_FAMILY = "1,2";
				TEST_TARGET_NAME = Satisfy;
			};
			name = Debug;
		};
		8F6BDCFE208673EF00F6D787 /* Release */ = {
			isa = XCBuildConfiguration;
			buildSettings = {
				ALWAYS_EMBED_SWIFT_STANDARD_LIBRARIES = YES;
				CODE_SIGN_STYLE = Automatic;
				DEVELOPMENT_TEAM = 63ZVUM2RC3;
				INFOPLIST_FILE = SatisfyUITests/Info.plist;
				LD_RUNPATH_SEARCH_PATHS = (
					"$(inherited)",
					"@executable_path/Frameworks",
					"@loader_path/Frameworks",
				);
				PRODUCT_BUNDLE_IDENTIFIER = fr.boudonpierre.SatisfyUITests;
				PRODUCT_NAME = "$(TARGET_NAME)";
				SWIFT_VERSION = 4.0;
				TARGETED_DEVICE_FAMILY = "1,2";
				TEST_TARGET_NAME = Satisfy;
			};
			name = Release;
		};
/* End XCBuildConfiguration section */

/* Begin XCConfigurationList section */
		8F6BDCC7208673EC00F6D787 /* Build configuration list for PBXProject "Satisfy" */ = {
			isa = XCConfigurationList;
			buildConfigurations = (
				8F6BDCF4208673EF00F6D787 /* Debug */,
				8F6BDCF5208673EF00F6D787 /* Release */,
			);
			defaultConfigurationIsVisible = 0;
			defaultConfigurationName = Release;
		};
		8F6BDCF6208673EF00F6D787 /* Build configuration list for PBXNativeTarget "Satisfy" */ = {
			isa = XCConfigurationList;
			buildConfigurations = (
				8F6BDCF7208673EF00F6D787 /* Debug */,
				8F6BDCF8208673EF00F6D787 /* Release */,
			);
			defaultConfigurationIsVisible = 0;
			defaultConfigurationName = Release;
		};
		8F6BDCF9208673EF00F6D787 /* Build configuration list for PBXNativeTarget "SatisfyTests" */ = {
			isa = XCConfigurationList;
			buildConfigurations = (
				8F6BDCFA208673EF00F6D787 /* Debug */,
				8F6BDCFB208673EF00F6D787 /* Release */,
			);
			defaultConfigurationIsVisible = 0;
			defaultConfigurationName = Release;
		};
		8F6BDCFC208673EF00F6D787 /* Build configuration list for PBXNativeTarget "SatisfyUITests" */ = {
			isa = XCConfigurationList;
			buildConfigurations = (
				8F6BDCFD208673EF00F6D787 /* Debug */,
				8F6BDCFE208673EF00F6D787 /* Release */,
			);
			defaultConfigurationIsVisible = 0;
			defaultConfigurationName = Release;
		};
/* End XCConfigurationList section */
	};
	rootObject = 8F6BDCC4208673EC00F6D787 /* Project object */;
}
